
Microsoft Visual Studio Solution File, Format Version 12.00
# Visual Studio Version 17
VisualStudioVersion = 17.5.002.0
MinimumVisualStudioVersion = 10.0.40219.1
Project("{9A19103F-16F7-4668-BE54-9A1E7A4F7556}") = "lab3", "lab3.csproj", "{C0E46558-D52B-4A7B-8860-F62E1A8C27FC}"
EndProject
Global
	GlobalSection(SolutionConfigurationPlatforms) = preSolution
		Debug|Any CPU = Debug|Any CPU
		Release|Any CPU = Release|Any CPU
	EndGlobalSection
	GlobalSection(ProjectConfigurationPlatforms) = postSolution
		{C0E46558-D52B-4A7B-8860-F62E1A8C27FC}.Debug|Any CPU.ActiveCfg = Debug|Any CPU
		{C0E46558-D52B-4A7B-8860-F62E1A8C27FC}.Debug|Any CPU.Build.0 = Debug|Any CPU
		{C0E46558-D52B-4A7B-8860-F62E1A8C27FC}.Release|Any CPU.ActiveCfg = Release|Any CPU
		{C0E46558-D52B-4A7B-8860-F62E1A8C27FC}.Release|Any CPU.Build.0 = Release|Any CPU
	EndGlobalSection
	GlobalSection(SolutionProperties) = preSolution
		HideSolutionNode = FALSE
	EndGlobalSection
	GlobalSection(ExtensibilityGlobals) = postSolution
		SolutionGuid = {4E262B86-A819-489E-BE35-AA46A2DFEC90}
	EndGlobalSection
EndGlobal
